// !$*UTF8*$!
{
	archiveVersion = 1;
	classes = {
	};
	objectVersion = 50;
	objects = {

/* Begin PBXBuildFile section */
		9C6F35CF259317B8009B8CD6 /* ColorOptionsController.swift in Sources */ = {isa = PBXBuildFile; fileRef = 9C6F35CE259317B8009B8CD6 /* ColorOptionsController.swift */; };
		9C6F35DF259440DC009B8CD6 /* SolidColoredCircleButton.swift in Sources */ = {isa = PBXBuildFile; fileRef = 9C6F35DE259440DC009B8CD6 /* SolidColoredCircleButton.swift */; };
		9C6F35E52595E04A009B8CD6 /* StrokePath.swift in Sources */ = {isa = PBXBuildFile; fileRef = 9C6F35E42595E04A009B8CD6 /* StrokePath.swift */; };
		9C70F8E5258460E500ADEFA9 /* CanvasView.swift in Sources */ = {isa = PBXBuildFile; fileRef = 9C70F8E4258460E500ADEFA9 /* CanvasView.swift */; };
		9C70F8EA258480EA00ADEFA9 /* PickedColor.swift in Sources */ = {isa = PBXBuildFile; fileRef = 9C70F8E9258480EA00ADEFA9 /* PickedColor.swift */; };
		9C70F8FF2589FF0C00ADEFA9 /* DrawingPadControllerRepresentation.swift in Sources */ = {isa = PBXBuildFile; fileRef = 9C70F8FE2589FF0C00ADEFA9 /* DrawingPadControllerRepresentation.swift */; };
		9C70F904258A003800ADEFA9 /* DrawingPadController.swift in Sources */ = {isa = PBXBuildFile; fileRef = 9C70F903258A003800ADEFA9 /* DrawingPadController.swift */; };
		9C75CCD025734F330084CC35 /* AppDelegate.swift in Sources */ = {isa = PBXBuildFile; fileRef = 9C75CCCF25734F330084CC35 /* AppDelegate.swift */; };
		9C75CCD225734F330084CC35 /* SceneDelegate.swift in Sources */ = {isa = PBXBuildFile; fileRef = 9C75CCD125734F330084CC35 /* SceneDelegate.swift */; };
		9C75CCD425734F330084CC35 /* ContentView.swift in Sources */ = {isa = PBXBuildFile; fileRef = 9C75CCD325734F330084CC35 /* ContentView.swift */; };
		9C75CCD725734F330084CC35 /* SiteInspectionBuddy.xcdatamodeld in Sources */ = {isa = PBXBuildFile; fileRef = 9C75CCD525734F330084CC35 /* SiteInspectionBuddy.xcdatamodeld */; };
		9C75CCD925734F350084CC35 /* Assets.xcassets in Resources */ = {isa = PBXBuildFile; fileRef = 9C75CCD825734F350084CC35 /* Assets.xcassets */; };
		9C75CCDC25734F350084CC35 /* Preview Assets.xcassets in Resources */ = {isa = PBXBuildFile; fileRef = 9C75CCDB25734F350084CC35 /* Preview Assets.xcassets */; };
		9C75CCDF25734F350084CC35 /* LaunchScreen.storyboard in Resources */ = {isa = PBXBuildFile; fileRef = 9C75CCDD25734F350084CC35 /* LaunchScreen.storyboard */; };
		9C75CCEA25734F350084CC35 /* SiteInspectionBuddyTests.swift in Sources */ = {isa = PBXBuildFile; fileRef = 9C75CCE925734F350084CC35 /* SiteInspectionBuddyTests.swift */; };
		9C75CCF525734F350084CC35 /* SiteInspectionBuddyUITests.swift in Sources */ = {isa = PBXBuildFile; fileRef = 9C75CCF425734F350084CC35 /* SiteInspectionBuddyUITests.swift */; };
		9C75CD1D257371200084CC35 /* Issue+CoreDataClass.swift in Sources */ = {isa = PBXBuildFile; fileRef = 9C75CD17257371200084CC35 /* Issue+CoreDataClass.swift */; };
		9C75CD1E257371200084CC35 /* Issue+CoreDataProperties.swift in Sources */ = {isa = PBXBuildFile; fileRef = 9C75CD18257371200084CC35 /* Issue+CoreDataProperties.swift */; };
		9C75CD1F257371200084CC35 /* Project+CoreDataClass.swift in Sources */ = {isa = PBXBuildFile; fileRef = 9C75CD19257371200084CC35 /* Project+CoreDataClass.swift */; };
		9C75CD20257371200084CC35 /* Project+CoreDataProperties.swift in Sources */ = {isa = PBXBuildFile; fileRef = 9C75CD1A257371200084CC35 /* Project+CoreDataProperties.swift */; };
		9C75CD2F257395D40084CC35 /* ProjectsList.swift in Sources */ = {isa = PBXBuildFile; fileRef = 9C75CD2E257395D40084CC35 /* ProjectsList.swift */; };
		9C75CD3425739A880084CC35 /* ProjectDetails.swift in Sources */ = {isa = PBXBuildFile; fileRef = 9C75CD3325739A880084CC35 /* ProjectDetails.swift */; };
		9C75CD392573A3900084CC35 /* DateFormatter+Variants.swift in Sources */ = {isa = PBXBuildFile; fileRef = 9C75CD382573A3900084CC35 /* DateFormatter+Variants.swift */; };
		9C75CD3E2574D9930084CC35 /* ProjectInfo.swift in Sources */ = {isa = PBXBuildFile; fileRef = 9C75CD3D2574D9930084CC35 /* ProjectInfo.swift */; };
		9C75CD43257A4E930084CC35 /* ProjectIssuesList.swift in Sources */ = {isa = PBXBuildFile; fileRef = 9C75CD42257A4E930084CC35 /* ProjectIssuesList.swift */; };
		9C75CD48257AFF4D0084CC35 /* IssueDetails.swift in Sources */ = {isa = PBXBuildFile; fileRef = 9C75CD47257AFF4D0084CC35 /* IssueDetails.swift */; };
		9C75CD4D257B84820084CC35 /* EmptyModifier.swift in Sources */ = {isa = PBXBuildFile; fileRef = 9C75CD4C257B84820084CC35 /* EmptyModifier.swift */; };
		9C75CD52257B88AF0084CC35 /* View+Extensions.swift in Sources */ = {isa = PBXBuildFile; fileRef = 9C75CD51257B88AF0084CC35 /* View+Extensions.swift */; };
		9C75CD5A257C61650084CC35 /* Constants.swift in Sources */ = {isa = PBXBuildFile; fileRef = 9C75CD59257C61650084CC35 /* Constants.swift */; };
		9C75CD5F257CA6780084CC35 /* ImagePicker.swift in Sources */ = {isa = PBXBuildFile; fileRef = 9C75CD5E257CA6780084CC35 /* ImagePicker.swift */; };
		9C7921DE25998BB300B3D0F5 /* Photo+CoreDataClass.swift in Sources */ = {isa = PBXBuildFile; fileRef = 9C7921DC25998BB300B3D0F5 /* Photo+CoreDataClass.swift */; };
		9C7921DF25998BB300B3D0F5 /* Photo+CoreDataProperties.swift in Sources */ = {isa = PBXBuildFile; fileRef = 9C7921DD25998BB300B3D0F5 /* Photo+CoreDataProperties.swift */; };
/* End PBXBuildFile section */

/* Begin PBXContainerItemProxy section */
		9C75CCE625734F350084CC35 /* PBXContainerItemProxy */ = {
			isa = PBXContainerItemProxy;
			containerPortal = 9C75CCC425734F330084CC35 /* Project object */;
			proxyType = 1;
			remoteGlobalIDString = 9C75CCCB25734F330084CC35;
			remoteInfo = SiteInspectionBuddy;
		};
		9C75CCF125734F350084CC35 /* PBXContainerItemProxy */ = {
			isa = PBXContainerItemProxy;
			containerPortal = 9C75CCC425734F330084CC35 /* Project object */;
			proxyType = 1;
			remoteGlobalIDString = 9C75CCCB25734F330084CC35;
			remoteInfo = SiteInspectionBuddy;
		};
/* End PBXContainerItemProxy section */

/* Begin PBXFileReference section */
		9C6F35CE259317B8009B8CD6 /* ColorOptionsController.swift */ = {isa = PBXFileReference; lastKnownFileType = sourcecode.swift; path = ColorOptionsController.swift; sourceTree = "<group>"; };
		9C6F35DE259440DC009B8CD6 /* SolidColoredCircleButton.swift */ = {isa = PBXFileReference; lastKnownFileType = sourcecode.swift; path = SolidColoredCircleButton.swift; sourceTree = "<group>"; };
		9C6F35E42595E04A009B8CD6 /* StrokePath.swift */ = {isa = PBXFileReference; lastKnownFileType = sourcecode.swift; path = StrokePath.swift; sourceTree = "<group>"; };
		9C70F8E4258460E500ADEFA9 /* CanvasView.swift */ = {isa = PBXFileReference; lastKnownFileType = sourcecode.swift; path = CanvasView.swift; sourceTree = "<group>"; };
		9C70F8E9258480EA00ADEFA9 /* PickedColor.swift */ = {isa = PBXFileReference; lastKnownFileType = sourcecode.swift; path = PickedColor.swift; sourceTree = "<group>"; };
		9C70F8FE2589FF0C00ADEFA9 /* DrawingPadControllerRepresentation.swift */ = {isa = PBXFileReference; lastKnownFileType = sourcecode.swift; path = DrawingPadControllerRepresentation.swift; sourceTree = "<group>"; };
		9C70F903258A003800ADEFA9 /* DrawingPadController.swift */ = {isa = PBXFileReference; lastKnownFileType = sourcecode.swift; path = DrawingPadController.swift; sourceTree = "<group>"; };
		9C75CCCC25734F330084CC35 /* SiteInspectionBuddy.app */ = {isa = PBXFileReference; explicitFileType = wrapper.application; includeInIndex = 0; path = SiteInspectionBuddy.app; sourceTree = BUILT_PRODUCTS_DIR; };
		9C75CCCF25734F330084CC35 /* AppDelegate.swift */ = {isa = PBXFileReference; lastKnownFileType = sourcecode.swift; path = AppDelegate.swift; sourceTree = "<group>"; };
		9C75CCD125734F330084CC35 /* SceneDelegate.swift */ = {isa = PBXFileReference; lastKnownFileType = sourcecode.swift; path = SceneDelegate.swift; sourceTree = "<group>"; };
		9C75CCD325734F330084CC35 /* ContentView.swift */ = {isa = PBXFileReference; lastKnownFileType = sourcecode.swift; path = ContentView.swift; sourceTree = "<group>"; };
		9C75CCD625734F330084CC35 /* SiteInspectionBuddy.xcdatamodel */ = {isa = PBXFileReference; lastKnownFileType = wrapper.xcdatamodel; path = SiteInspectionBuddy.xcdatamodel; sourceTree = "<group>"; };
		9C75CCD825734F350084CC35 /* Assets.xcassets */ = {isa = PBXFileReference; lastKnownFileType = folder.assetcatalog; path = Assets.xcassets; sourceTree = "<group>"; };
		9C75CCDB25734F350084CC35 /* Preview Assets.xcassets */ = {isa = PBXFileReference; lastKnownFileType = folder.assetcatalog; path = "Preview Assets.xcassets"; sourceTree = "<group>"; };
		9C75CCDE25734F350084CC35 /* Base */ = {isa = PBXFileReference; lastKnownFileType = file.storyboard; name = Base; path = Base.lproj/LaunchScreen.storyboard; sourceTree = "<group>"; };
		9C75CCE025734F350084CC35 /* Info.plist */ = {isa = PBXFileReference; lastKnownFileType = text.plist.xml; path = Info.plist; sourceTree = "<group>"; };
		9C75CCE525734F350084CC35 /* SiteInspectionBuddyTests.xctest */ = {isa = PBXFileReference; explicitFileType = wrapper.cfbundle; includeInIndex = 0; path = SiteInspectionBuddyTests.xctest; sourceTree = BUILT_PRODUCTS_DIR; };
		9C75CCE925734F350084CC35 /* SiteInspectionBuddyTests.swift */ = {isa = PBXFileReference; lastKnownFileType = sourcecode.swift; path = SiteInspectionBuddyTests.swift; sourceTree = "<group>"; };
		9C75CCEB25734F350084CC35 /* Info.plist */ = {isa = PBXFileReference; lastKnownFileType = text.plist.xml; path = Info.plist; sourceTree = "<group>"; };
		9C75CCF025734F350084CC35 /* SiteInspectionBuddyUITests.xctest */ = {isa = PBXFileReference; explicitFileType = wrapper.cfbundle; includeInIndex = 0; path = SiteInspectionBuddyUITests.xctest; sourceTree = BUILT_PRODUCTS_DIR; };
		9C75CCF425734F350084CC35 /* SiteInspectionBuddyUITests.swift */ = {isa = PBXFileReference; lastKnownFileType = sourcecode.swift; path = SiteInspectionBuddyUITests.swift; sourceTree = "<group>"; };
		9C75CCF625734F350084CC35 /* Info.plist */ = {isa = PBXFileReference; lastKnownFileType = text.plist.xml; path = Info.plist; sourceTree = "<group>"; };
		9C75CD17257371200084CC35 /* Issue+CoreDataClass.swift */ = {isa = PBXFileReference; lastKnownFileType = sourcecode.swift; path = "Issue+CoreDataClass.swift"; sourceTree = "<group>"; };
		9C75CD18257371200084CC35 /* Issue+CoreDataProperties.swift */ = {isa = PBXFileReference; lastKnownFileType = sourcecode.swift; path = "Issue+CoreDataProperties.swift"; sourceTree = "<group>"; };
		9C75CD19257371200084CC35 /* Project+CoreDataClass.swift */ = {isa = PBXFileReference; lastKnownFileType = sourcecode.swift; path = "Project+CoreDataClass.swift"; sourceTree = "<group>"; };
		9C75CD1A257371200084CC35 /* Project+CoreDataProperties.swift */ = {isa = PBXFileReference; lastKnownFileType = sourcecode.swift; path = "Project+CoreDataProperties.swift"; sourceTree = "<group>"; };
		9C75CD2E257395D40084CC35 /* ProjectsList.swift */ = {isa = PBXFileReference; lastKnownFileType = sourcecode.swift; path = ProjectsList.swift; sourceTree = "<group>"; };
		9C75CD3325739A880084CC35 /* ProjectDetails.swift */ = {isa = PBXFileReference; lastKnownFileType = sourcecode.swift; path = ProjectDetails.swift; sourceTree = "<group>"; };
		9C75CD382573A3900084CC35 /* DateFormatter+Variants.swift */ = {isa = PBXFileReference; lastKnownFileType = sourcecode.swift; path = "DateFormatter+Variants.swift"; sourceTree = "<group>"; };
		9C75CD3D2574D9930084CC35 /* ProjectInfo.swift */ = {isa = PBXFileReference; lastKnownFileType = sourcecode.swift; path = ProjectInfo.swift; sourceTree = "<group>"; };
		9C75CD42257A4E930084CC35 /* ProjectIssuesList.swift */ = {isa = PBXFileReference; lastKnownFileType = sourcecode.swift; path = ProjectIssuesList.swift; sourceTree = "<group>"; };
		9C75CD47257AFF4D0084CC35 /* IssueDetails.swift */ = {isa = PBXFileReference; lastKnownFileType = sourcecode.swift; path = IssueDetails.swift; sourceTree = "<group>"; };
		9C75CD4C257B84820084CC35 /* EmptyModifier.swift */ = {isa = PBXFileReference; lastKnownFileType = sourcecode.swift; path = EmptyModifier.swift; sourceTree = "<group>"; };
		9C75CD51257B88AF0084CC35 /* View+Extensions.swift */ = {isa = PBXFileReference; lastKnownFileType = sourcecode.swift; path = "View+Extensions.swift"; sourceTree = "<group>"; };
		9C75CD59257C61650084CC35 /* Constants.swift */ = {isa = PBXFileReference; lastKnownFileType = sourcecode.swift; path = Constants.swift; sourceTree = "<group>"; };
		9C75CD5E257CA6780084CC35 /* ImagePicker.swift */ = {isa = PBXFileReference; lastKnownFileType = sourcecode.swift; path = ImagePicker.swift; sourceTree = "<group>"; };
		9C7921DC25998BB300B3D0F5 /* Photo+CoreDataClass.swift */ = {isa = PBXFileReference; lastKnownFileType = sourcecode.swift; path = "Photo+CoreDataClass.swift"; sourceTree = "<group>"; };
		9C7921DD25998BB300B3D0F5 /* Photo+CoreDataProperties.swift */ = {isa = PBXFileReference; lastKnownFileType = sourcecode.swift; path = "Photo+CoreDataProperties.swift"; sourceTree = "<group>"; };
/* End PBXFileReference section */

/* Begin PBXFrameworksBuildPhase section */
		9C75CCC925734F330084CC35 /* Frameworks */ = {
			isa = PBXFrameworksBuildPhase;
			buildActionMask = 2147483647;
			files = (
			);
			runOnlyForDeploymentPostprocessing = 0;
		};
		9C75CCE225734F350084CC35 /* Frameworks */ = {
			isa = PBXFrameworksBuildPhase;
			buildActionMask = 2147483647;
			files = (
			);
			runOnlyForDeploymentPostprocessing = 0;
		};
		9C75CCED25734F350084CC35 /* Frameworks */ = {
			isa = PBXFrameworksBuildPhase;
			buildActionMask = 2147483647;
			files = (
			);
			runOnlyForDeploymentPostprocessing = 0;
		};
/* End PBXFrameworksBuildPhase section */

/* Begin PBXGroup section */
		9C6F35E32595E026009B8CD6 /* Models */ = {
			isa = PBXGroup;
			children = (
				9C6F35E42595E04A009B8CD6 /* StrokePath.swift */,
			);
			path = Models;
			sourceTree = "<group>";
		};
		9C75CCC325734F330084CC35 = {
			isa = PBXGroup;
			children = (
				9C7921DC25998BB300B3D0F5 /* Photo+CoreDataClass.swift */,
				9C7921DD25998BB300B3D0F5 /* Photo+CoreDataProperties.swift */,
				9C75CD17257371200084CC35 /* Issue+CoreDataClass.swift */,
				9C75CD18257371200084CC35 /* Issue+CoreDataProperties.swift */,
				9C75CD19257371200084CC35 /* Project+CoreDataClass.swift */,
				9C75CD1A257371200084CC35 /* Project+CoreDataProperties.swift */,
				9C75CCCE25734F330084CC35 /* SiteInspectionBuddy */,
				9C75CCE825734F350084CC35 /* SiteInspectionBuddyTests */,
				9C75CCF325734F350084CC35 /* SiteInspectionBuddyUITests */,
				9C75CCCD25734F330084CC35 /* Products */,
			);
			sourceTree = "<group>";
		};
		9C75CCCD25734F330084CC35 /* Products */ = {
			isa = PBXGroup;
			children = (
				9C75CCCC25734F330084CC35 /* SiteInspectionBuddy.app */,
				9C75CCE525734F350084CC35 /* SiteInspectionBuddyTests.xctest */,
				9C75CCF025734F350084CC35 /* SiteInspectionBuddyUITests.xctest */,
			);
			name = Products;
			sourceTree = "<group>";
		};
		9C75CCCE25734F330084CC35 /* SiteInspectionBuddy */ = {
			isa = PBXGroup;
			children = (
				9C6F35E32595E026009B8CD6 /* Models */,
				9C75CCCF25734F330084CC35 /* AppDelegate.swift */,
				9C75CCD125734F330084CC35 /* SceneDelegate.swift */,
				9C75CCD325734F330084CC35 /* ContentView.swift */,
				9C75CCD825734F350084CC35 /* Assets.xcassets */,
				9C75CCDD25734F350084CC35 /* LaunchScreen.storyboard */,
				9C75CCE025734F350084CC35 /* Info.plist */,
				9C75CCD525734F330084CC35 /* SiteInspectionBuddy.xcdatamodeld */,
				9C75CCDA25734F350084CC35 /* Preview Content */,
				9C75CD2E257395D40084CC35 /* ProjectsList.swift */,
				9C75CD3325739A880084CC35 /* ProjectDetails.swift */,
				9C75CD382573A3900084CC35 /* DateFormatter+Variants.swift */,
				9C75CD3D2574D9930084CC35 /* ProjectInfo.swift */,
				9C75CD42257A4E930084CC35 /* ProjectIssuesList.swift */,
				9C75CD47257AFF4D0084CC35 /* IssueDetails.swift */,
				9C75CD4C257B84820084CC35 /* EmptyModifier.swift */,
				9C75CD51257B88AF0084CC35 /* View+Extensions.swift */,
				9C75CD59257C61650084CC35 /* Constants.swift */,
				9C75CD5E257CA6780084CC35 /* ImagePicker.swift */,
				9C70F8E4258460E500ADEFA9 /* CanvasView.swift */,
				9C70F8E9258480EA00ADEFA9 /* PickedColor.swift */,
				9C70F8FE2589FF0C00ADEFA9 /* DrawingPadControllerRepresentation.swift */,
				9C70F903258A003800ADEFA9 /* DrawingPadController.swift */,
				9C6F35CE259317B8009B8CD6 /* ColorOptionsController.swift */,
				9C6F35DE259440DC009B8CD6 /* SolidColoredCircleButton.swift */,
			);
			path = SiteInspectionBuddy;
			sourceTree = "<group>";
		};
		9C75CCDA25734F350084CC35 /* Preview Content */ = {
			isa = PBXGroup;
			children = (
				9C75CCDB25734F350084CC35 /* Preview Assets.xcassets */,
			);
			path = "Preview Content";
			sourceTree = "<group>";
		};
		9C75CCE825734F350084CC35 /* SiteInspectionBuddyTests */ = {
			isa = PBXGroup;
			children = (
				9C75CCE925734F350084CC35 /* SiteInspectionBuddyTests.swift */,
				9C75CCEB25734F350084CC35 /* Info.plist */,
			);
			path = SiteInspectionBuddyTests;
			sourceTree = "<group>";
		};
		9C75CCF325734F350084CC35 /* SiteInspectionBuddyUITests */ = {
			isa = PBXGroup;
			children = (
				9C75CCF425734F350084CC35 /* SiteInspectionBuddyUITests.swift */,
				9C75CCF625734F350084CC35 /* Info.plist */,
			);
			path = SiteInspectionBuddyUITests;
			sourceTree = "<group>";
		};
/* End PBXGroup section */

/* Begin PBXNativeTarget section */
		9C75CCCB25734F330084CC35 /* SiteInspectionBuddy */ = {
			isa = PBXNativeTarget;
			buildConfigurationList = 9C75CCF925734F350084CC35 /* Build configuration list for PBXNativeTarget "SiteInspectionBuddy" */;
			buildPhases = (
				9C75CCC825734F330084CC35 /* Sources */,
				9C75CCC925734F330084CC35 /* Frameworks */,
				9C75CCCA25734F330084CC35 /* Resources */,
			);
			buildRules = (
			);
			dependencies = (
			);
			name = SiteInspectionBuddy;
			productName = SiteInspectionBuddy;
			productReference = 9C75CCCC25734F330084CC35 /* SiteInspectionBuddy.app */;
			productType = "com.apple.product-type.application";
		};
		9C75CCE425734F350084CC35 /* SiteInspectionBuddyTests */ = {
			isa = PBXNativeTarget;
			buildConfigurationList = 9C75CCFC25734F350084CC35 /* Build configuration list for PBXNativeTarget "SiteInspectionBuddyTests" */;
			buildPhases = (
				9C75CCE125734F350084CC35 /* Sources */,
				9C75CCE225734F350084CC35 /* Frameworks */,
				9C75CCE325734F350084CC35 /* Resources */,
			);
			buildRules = (
			);
			dependencies = (
				9C75CCE725734F350084CC35 /* PBXTargetDependency */,
			);
			name = SiteInspectionBuddyTests;
			productName = SiteInspectionBuddyTests;
			productReference = 9C75CCE525734F350084CC35 /* SiteInspectionBuddyTests.xctest */;
			productType = "com.apple.product-type.bundle.unit-test";
		};
		9C75CCEF25734F350084CC35 /* SiteInspectionBuddyUITests */ = {
			isa = PBXNativeTarget;
			buildConfigurationList = 9C75CCFF25734F350084CC35 /* Build configuration list for PBXNativeTarget "SiteInspectionBuddyUITests" */;
			buildPhases = (
				9C75CCEC25734F350084CC35 /* Sources */,
				9C75CCED25734F350084CC35 /* Frameworks */,
				9C75CCEE25734F350084CC35 /* Resources */,
			);
			buildRules = (
			);
			dependencies = (
				9C75CCF225734F350084CC35 /* PBXTargetDependency */,
			);
			name = SiteInspectionBuddyUITests;
			productName = SiteInspectionBuddyUITests;
			productReference = 9C75CCF025734F350084CC35 /* SiteInspectionBuddyUITests.xctest */;
			productType = "com.apple.product-type.bundle.ui-testing";
		};
/* End PBXNativeTarget section */

/* Begin PBXProject section */
		9C75CCC425734F330084CC35 /* Project object */ = {
			isa = PBXProject;
			attributes = {
				LastSwiftUpdateCheck = 1220;
				LastUpgradeCheck = 1220;
				TargetAttributes = {
					9C75CCCB25734F330084CC35 = {
						CreatedOnToolsVersion = 12.2;
					};
					9C75CCE425734F350084CC35 = {
						CreatedOnToolsVersion = 12.2;
						TestTargetID = 9C75CCCB25734F330084CC35;
					};
					9C75CCEF25734F350084CC35 = {
						CreatedOnToolsVersion = 12.2;
						TestTargetID = 9C75CCCB25734F330084CC35;
					};
				};
			};
			buildConfigurationList = 9C75CCC725734F330084CC35 /* Build configuration list for PBXProject "SiteInspectionBuddy" */;
			compatibilityVersion = "Xcode 9.3";
			developmentRegion = en;
			hasScannedForEncodings = 0;
			knownRegions = (
				en,
				Base,
			);
			mainGroup = 9C75CCC325734F330084CC35;
			productRefGroup = 9C75CCCD25734F330084CC35 /* Products */;
			projectDirPath = "";
			projectRoot = "";
			targets = (
				9C75CCCB25734F330084CC35 /* SiteInspectionBuddy */,
				9C75CCE425734F350084CC35 /* SiteInspectionBuddyTests */,
				9C75CCEF25734F350084CC35 /* SiteInspectionBuddyUITests */,
			);
		};
/* End PBXProject section */

/* Begin PBXResourcesBuildPhase section */
		9C75CCCA25734F330084CC35 /* Resources */ = {
			isa = PBXResourcesBuildPhase;
			buildActionMask = 2147483647;
			files = (
				9C75CCDF25734F350084CC35 /* LaunchScreen.storyboard in Resources */,
				9C75CCDC25734F350084CC35 /* Preview Assets.xcassets in Resources */,
				9C75CCD925734F350084CC35 /* Assets.xcassets in Resources */,
			);
			runOnlyForDeploymentPostprocessing = 0;
		};
		9C75CCE325734F350084CC35 /* Resources */ = {
			isa = PBXResourcesBuildPhase;
			buildActionMask = 2147483647;
			files = (
			);
			runOnlyForDeploymentPostprocessing = 0;
		};
		9C75CCEE25734F350084CC35 /* Resources */ = {
			isa = PBXResourcesBuildPhase;
			buildActionMask = 2147483647;
			files = (
			);
			runOnlyForDeploymentPostprocessing = 0;
		};
/* End PBXResourcesBuildPhase section */

/* Begin PBXSourcesBuildPhase section */
		9C75CCC825734F330084CC35 /* Sources */ = {
			isa = PBXSourcesBuildPhase;
			buildActionMask = 2147483647;
			files = (
				9C75CD52257B88AF0084CC35 /* View+Extensions.swift in Sources */,
				9C75CD5A257C61650084CC35 /* Constants.swift in Sources */,
				9C70F8FF2589FF0C00ADEFA9 /* DrawingPadControllerRepresentation.swift in Sources */,
				9C75CCD025734F330084CC35 /* AppDelegate.swift in Sources */,
				9C70F904258A003800ADEFA9 /* DrawingPadController.swift in Sources */,
				9C75CD1D257371200084CC35 /* Issue+CoreDataClass.swift in Sources */,
				9C75CD20257371200084CC35 /* Project+CoreDataProperties.swift in Sources */,
				9C75CCD225734F330084CC35 /* SceneDelegate.swift in Sources */,
				9C75CD3425739A880084CC35 /* ProjectDetails.swift in Sources */,
				9C75CD392573A3900084CC35 /* DateFormatter+Variants.swift in Sources */,
				9C75CD1F257371200084CC35 /* Project+CoreDataClass.swift in Sources */,
				9C70F8E5258460E500ADEFA9 /* CanvasView.swift in Sources */,
				9C75CD1E257371200084CC35 /* Issue+CoreDataProperties.swift in Sources */,
				9C70F8EA258480EA00ADEFA9 /* PickedColor.swift in Sources */,
				9C75CCD725734F330084CC35 /* SiteInspectionBuddy.xcdatamodeld in Sources */,
				9C75CD4D257B84820084CC35 /* EmptyModifier.swift in Sources */,
				9C6F35DF259440DC009B8CD6 /* SolidColoredCircleButton.swift in Sources */,
				9C75CD3E2574D9930084CC35 /* ProjectInfo.swift in Sources */,
				9C75CD48257AFF4D0084CC35 /* IssueDetails.swift in Sources */,
				9C75CCD425734F330084CC35 /* ContentView.swift in Sources */,
				9C7921DE25998BB300B3D0F5 /* Photo+CoreDataClass.swift in Sources */,
				9C75CD5F257CA6780084CC35 /* ImagePicker.swift in Sources */,
				9C75CD2F257395D40084CC35 /* ProjectsList.swift in Sources */,
				9C6F35CF259317B8009B8CD6 /* ColorOptionsController.swift in Sources */,
				9C6F35E52595E04A009B8CD6 /* StrokePath.swift in Sources */,
				9C7921DF25998BB300B3D0F5 /* Photo+CoreDataProperties.swift in Sources */,
				9C75CD43257A4E930084CC35 /* ProjectIssuesList.swift in Sources */,
			);
			runOnlyForDeploymentPostprocessing = 0;
		};
		9C75CCE125734F350084CC35 /* Sources */ = {
			isa = PBXSourcesBuildPhase;
			buildActionMask = 2147483647;
			files = (
				9C75CCEA25734F350084CC35 /* SiteInspectionBuddyTests.swift in Sources */,
			);
			runOnlyForDeploymentPostprocessing = 0;
		};
		9C75CCEC25734F350084CC35 /* Sources */ = {
			isa = PBXSourcesBuildPhase;
			buildActionMask = 2147483647;
			files = (
				9C75CCF525734F350084CC35 /* SiteInspectionBuddyUITests.swift in Sources */,
			);
			runOnlyForDeploymentPostprocessing = 0;
		};
/* End PBXSourcesBuildPhase section */

/* Begin PBXTargetDependency section */
		9C75CCE725734F350084CC35 /* PBXTargetDependency */ = {
			isa = PBXTargetDependency;
			target = 9C75CCCB25734F330084CC35 /* SiteInspectionBuddy */;
			targetProxy = 9C75CCE625734F350084CC35 /* PBXContainerItemProxy */;
		};
		9C75CCF225734F350084CC35 /* PBXTargetDependency */ = {
			isa = PBXTargetDependency;
			target = 9C75CCCB25734F330084CC35 /* SiteInspectionBuddy */;
			targetProxy = 9C75CCF125734F350084CC35 /* PBXContainerItemProxy */;
		};
/* End PBXTargetDependency section */

/* Begin PBXVariantGroup section */
		9C75CCDD25734F350084CC35 /* LaunchScreen.storyboard */ = {
			isa = PBXVariantGroup;
			children = (
				9C75CCDE25734F350084CC35 /* Base */,
			);
			name = LaunchScreen.storyboard;
			sourceTree = "<group>";
		};
/* End PBXVariantGroup section */

/* Begin XCBuildConfiguration section */
		9C75CCF725734F350084CC35 /* Debug */ = {
			isa = XCBuildConfiguration;
			buildSettings = {
				ALWAYS_SEARCH_USER_PATHS = NO;
				CLANG_ANALYZER_NONNULL = YES;
				CLANG_ANALYZER_NUMBER_OBJECT_CONVERSION = YES_AGGRESSIVE;
				CLANG_CXX_LANGUAGE_STANDARD = "gnu++14";
				CLANG_CXX_LIBRARY = "libc++";
				CLANG_ENABLE_MODULES = YES;
				CLANG_ENABLE_OBJC_ARC = YES;
				CLANG_ENABLE_OBJC_WEAK = YES;
				CLANG_WARN_BLOCK_CAPTURE_AUTORELEASING = YES;
				CLANG_WARN_BOOL_CONVERSION = YES;
				CLANG_WARN_COMMA = YES;
				CLANG_WARN_CONSTANT_CONVERSION = YES;
				CLANG_WARN_DEPRECATED_OBJC_IMPLEMENTATIONS = YES;
				CLANG_WARN_DIRECT_OBJC_ISA_USAGE = YES_ERROR;
				CLANG_WARN_DOCUMENTATION_COMMENTS = YES;
				CLANG_WARN_EMPTY_BODY = YES;
				CLANG_WARN_ENUM_CONVERSION = YES;
				CLANG_WARN_INFINITE_RECURSION = YES;
				CLANG_WARN_INT_CONVERSION = YES;
				CLANG_WARN_NON_LITERAL_NULL_CONVERSION = YES;
				CLANG_WARN_OBJC_IMPLICIT_RETAIN_SELF = YES;
				CLANG_WARN_OBJC_LITERAL_CONVERSION = YES;
				CLANG_WARN_OBJC_ROOT_CLASS = YES_ERROR;
				CLANG_WARN_QUOTED_INCLUDE_IN_FRAMEWORK_HEADER = YES;
				CLANG_WARN_RANGE_LOOP_ANALYSIS = YES;
				CLANG_WARN_STRICT_PROTOTYPES = YES;
				CLANG_WARN_SUSPICIOUS_MOVE = YES;
				CLANG_WARN_UNGUARDED_AVAILABILITY = YES_AGGRESSIVE;
				CLANG_WARN_UNREACHABLE_CODE = YES;
				CLANG_WARN__DUPLICATE_METHOD_MATCH = YES;
				COPY_PHASE_STRIP = NO;
				DEBUG_INFORMATION_FORMAT = dwarf;
				ENABLE_STRICT_OBJC_MSGSEND = YES;
				ENABLE_TESTABILITY = YES;
				GCC_C_LANGUAGE_STANDARD = gnu11;
				GCC_DYNAMIC_NO_PIC = NO;
				GCC_NO_COMMON_BLOCKS = YES;
				GCC_OPTIMIZATION_LEVEL = 0;
				GCC_PREPROCESSOR_DEFINITIONS = (
					"DEBUG=1",
					"$(inherited)",
				);
				GCC_WARN_64_TO_32_BIT_CONVERSION = YES;
				GCC_WARN_ABOUT_RETURN_TYPE = YES_ERROR;
				GCC_WARN_UNDECLARED_SELECTOR = YES;
				GCC_WARN_UNINITIALIZED_AUTOS = YES_AGGRESSIVE;
				GCC_WARN_UNUSED_FUNCTION = YES;
				GCC_WARN_UNUSED_VARIABLE = YES;
				IPHONEOS_DEPLOYMENT_TARGET = 14.2;
				MTL_ENABLE_DEBUG_INFO = INCLUDE_SOURCE;
				MTL_FAST_MATH = YES;
				ONLY_ACTIVE_ARCH = YES;
				SDKROOT = iphoneos;
				SWIFT_ACTIVE_COMPILATION_CONDITIONS = DEBUG;
				SWIFT_OPTIMIZATION_LEVEL = "-Onone";
			};
			name = Debug;
		};
		9C75CCF825734F350084CC35 /* Release */ = {
			isa = XCBuildConfiguration;
			buildSettings = {
				ALWAYS_SEARCH_USER_PATHS = NO;
				CLANG_ANALYZER_NONNULL = YES;
				CLANG_ANALYZER_NUMBER_OBJECT_CONVERSION = YES_AGGRESSIVE;
				CLANG_CXX_LANGUAGE_STANDARD = "gnu++14";
				CLANG_CXX_LIBRARY = "libc++";
				CLANG_ENABLE_MODULES = YES;
				CLANG_ENABLE_OBJC_ARC = YES;
				CLANG_ENABLE_OBJC_WEAK = YES;
				CLANG_WARN_BLOCK_CAPTURE_AUTORELEASING = YES;
				CLANG_WARN_BOOL_CONVERSION = YES;
				CLANG_WARN_COMMA = YES;
				CLANG_WARN_CONSTANT_CONVERSION = YES;
				CLANG_WARN_DEPRECATED_OBJC_IMPLEMENTATIONS = YES;
				CLANG_WARN_DIRECT_OBJC_ISA_USAGE = YES_ERROR;
				CLANG_WARN_DOCUMENTATION_COMMENTS = YES;
				CLANG_WARN_EMPTY_BODY = YES;
				CLANG_WARN_ENUM_CONVERSION = YES;
				CLANG_WARN_INFINITE_RECURSION = YES;
				CLANG_WARN_INT_CONVERSION = YES;
				CLANG_WARN_NON_LITERAL_NULL_CONVERSION = YES;
				CLANG_WARN_OBJC_IMPLICIT_RETAIN_SELF = YES;
				CLANG_WARN_OBJC_LITERAL_CONVERSION = YES;
				CLANG_WARN_OBJC_ROOT_CLASS = YES_ERROR;
				CLANG_WARN_QUOTED_INCLUDE_IN_FRAMEWORK_HEADER = YES;
				CLANG_WARN_RANGE_LOOP_ANALYSIS = YES;
				CLANG_WARN_STRICT_PROTOTYPES = YES;
				CLANG_WARN_SUSPICIOUS_MOVE = YES;
				CLANG_WARN_UNGUARDED_AVAILABILITY = YES_AGGRESSIVE;
				CLANG_WARN_UNREACHABLE_CODE = YES;
				CLANG_WARN__DUPLICATE_METHOD_MATCH = YES;
				COPY_PHASE_STRIP = NO;
				DEBUG_INFORMATION_FORMAT = "dwarf-with-dsym";
				ENABLE_NS_ASSERTIONS = NO;
				ENABLE_STRICT_OBJC_MSGSEND = YES;
				GCC_C_LANGUAGE_STANDARD = gnu11;
				GCC_NO_COMMON_BLOCKS = YES;
				GCC_WARN_64_TO_32_BIT_CONVERSION = YES;
				GCC_WARN_ABOUT_RETURN_TYPE = YES_ERROR;
				GCC_WARN_UNDECLARED_SELECTOR = YES;
				GCC_WARN_UNINITIALIZED_AUTOS = YES_AGGRESSIVE;
				GCC_WARN_UNUSED_FUNCTION = YES;
				GCC_WARN_UNUSED_VARIABLE = YES;
				IPHONEOS_DEPLOYMENT_TARGET = 14.2;
				MTL_ENABLE_DEBUG_INFO = NO;
				MTL_FAST_MATH = YES;
				SDKROOT = iphoneos;
				SWIFT_COMPILATION_MODE = wholemodule;
				SWIFT_OPTIMIZATION_LEVEL = "-O";
				VALIDATE_PRODUCT = YES;
			};
			name = Release;
		};
		9C75CCFA25734F350084CC35 /* Debug */ = {
			isa = XCBuildConfiguration;
			buildSettings = {
				ASSETCATALOG_COMPILER_APPICON_NAME = AppIcon;
				ASSETCATALOG_COMPILER_GLOBAL_ACCENT_COLOR_NAME = AccentColor;
				CODE_SIGN_STYLE = Automatic;
				DEVELOPMENT_ASSET_PATHS = "\"SiteInspectionBuddy/Preview Content\"";
				DEVELOPMENT_TEAM = 6XHT3APZP2;
				ENABLE_PREVIEWS = YES;
				INFOPLIST_FILE = SiteInspectionBuddy/Info.plist;
				LD_RUNPATH_SEARCH_PATHS = (
					"$(inherited)",
					"@executable_path/Frameworks",
				);
				PRODUCT_BUNDLE_IDENTIFIER = au.com.incrementaldigital.SiteInspectionBuddy;
				PRODUCT_NAME = "$(TARGET_NAME)";
				SWIFT_VERSION = 5.0;
				TARGETED_DEVICE_FAMILY = "1,2";
			};
			name = Debug;
		};
		9C75CCFB25734F350084CC35 /* Release */ = {
			isa = XCBuildConfiguration;
			buildSettings = {
				ASSETCATALOG_COMPILER_APPICON_NAME = AppIcon;
				ASSETCATALOG_COMPILER_GLOBAL_ACCENT_COLOR_NAME = AccentColor;
				CODE_SIGN_STYLE = Automatic;
				DEVELOPMENT_ASSET_PATHS = "\"SiteInspectionBuddy/Preview Content\"";
				DEVELOPMENT_TEAM = 6XHT3APZP2;
				ENABLE_PREVIEWS = YES;
				INFOPLIST_FILE = SiteInspectionBuddy/Info.plist;
				LD_RUNPATH_SEARCH_PATHS = (
					"$(inherited)",
					"@executable_path/Frameworks",
				);
				PRODUCT_BUNDLE_IDENTIFIER = au.com.incrementaldigital.SiteInspectionBuddy;
				PRODUCT_NAME = "$(TARGET_NAME)";
				SWIFT_VERSION = 5.0;
				TARGETED_DEVICE_FAMILY = "1,2";
			};
			name = Release;
		};
		9C75CCFD25734F350084CC35 /* Debug */ = {
			isa = XCBuildConfiguration;
			buildSettings = {
				ALWAYS_EMBED_SWIFT_STANDARD_LIBRARIES = YES;
				BUNDLE_LOADER = "$(TEST_HOST)";
				CODE_SIGN_STYLE = Automatic;
				DEVELOPMENT_TEAM = 6XHT3APZP2;
				INFOPLIST_FILE = SiteInspectionBuddyTests/Info.plist;
				IPHONEOS_DEPLOYMENT_TARGET = 14.2;
				LD_RUNPATH_SEARCH_PATHS = (
					"$(inherited)",
					"@executable_path/Frameworks",
					"@loader_path/Frameworks",
				);
				PRODUCT_BUNDLE_IDENTIFIER = au.com.incrementaldigital.SiteInspectionBuddyTests;
				PRODUCT_NAME = "$(TARGET_NAME)";
				SWIFT_VERSION = 5.0;
				TARGETED_DEVICE_FAMILY = "1,2";
				TEST_HOST = "$(BUILT_PRODUCTS_DIR)/SiteInspectionBuddy.app/SiteInspectionBuddy";
			};
			name = Debug;
		};
		9C75CCFE25734F350084CC35 /* Release */ = {
			isa = XCBuildConfiguration;
			buildSettings = {
				ALWAYS_EMBED_SWIFT_STANDARD_LIBRARIES = YES;
				BUNDLE_LOADER = "$(TEST_HOST)";
				CODE_SIGN_STYLE = Automatic;
				DEVELOPMENT_TEAM = 6XHT3APZP2;
				INFOPLIST_FILE = SiteInspectionBuddyTests/Info.plist;
				IPHONEOS_DEPLOYMENT_TARGET = 14.2;
				LD_RUNPATH_SEARCH_PATHS = (
					"$(inherited)",
					"@executable_path/Frameworks",
					"@loader_path/Frameworks",
				);
				PRODUCT_BUNDLE_IDENTIFIER = au.com.incrementaldigital.SiteInspectionBuddyTests;
				PRODUCT_NAME = "$(TARGET_NAME)";
				SWIFT_VERSION = 5.0;
				TARGETED_DEVICE_FAMILY = "1,2";
				TEST_HOST = "$(BUILT_PRODUCTS_DIR)/SiteInspectionBuddy.app/SiteInspectionBuddy";
			};
			name = Release;
		};
		9C75CD0025734F350084CC35 /* Debug */ = {
			isa = XCBuildConfiguration;
			buildSettings = {
				ALWAYS_EMBED_SWIFT_STANDARD_LIBRARIES = YES;
				CODE_SIGN_STYLE = Automatic;
				DEVELOPMENT_TEAM = 6XHT3APZP2;
				INFOPLIST_FILE = SiteInspectionBuddyUITests/Info.plist;
				LD_RUNPATH_SEARCH_PATHS = (
					"$(inherited)",
					"@executable_path/Frameworks",
					"@loader_path/Frameworks",
				);
				PRODUCT_BUNDLE_IDENTIFIER = au.com.incrementaldigital.SiteInspectionBuddyUITests;
				PRODUCT_NAME = "$(TARGET_NAME)";
				SWIFT_VERSION = 5.0;
				TARGETED_DEVICE_FAMILY = "1,2";
				TEST_TARGET_NAME = SiteInspectionBuddy;
			};
			name = Debug;
		};
		9C75CD0125734F350084CC35 /* Release */ = {
			isa = XCBuildConfiguration;
			buildSettings = {
				ALWAYS_EMBED_SWIFT_STANDARD_LIBRARIES = YES;
				CODE_SIGN_STYLE = Automatic;
				DEVELOPMENT_TEAM = 6XHT3APZP2;
				INFOPLIST_FILE = SiteInspectionBuddyUITests/Info.plist;
				LD_RUNPATH_SEARCH_PATHS = (
					"$(inherited)",
					"@executable_path/Frameworks",
					"@loader_path/Frameworks",
				);
				PRODUCT_BUNDLE_IDENTIFIER = au.com.incrementaldigital.SiteInspectionBuddyUITests;
				PRODUCT_NAME = "$(TARGET_NAME)";
				SWIFT_VERSION = 5.0;
				TARGETED_DEVICE_FAMILY = "1,2";
				TEST_TARGET_NAME = SiteInspectionBuddy;
			};
			name = Release;
		};
/* End XCBuildConfiguration section */

/* Begin XCConfigurationList section */
		9C75CCC725734F330084CC35 /* Build configuration list for PBXProject "SiteInspectionBuddy" */ = {
			isa = XCConfigurationList;
			buildConfigurations = (
				9C75CCF725734F350084CC35 /* Debug */,
				9C75CCF825734F350084CC35 /* Release */,
			);
			defaultConfigurationIsVisible = 0;
			defaultConfigurationName = Release;
		};
		9C75CCF925734F350084CC35 /* Build configuration list for PBXNativeTarget "SiteInspectionBuddy" */ = {
			isa = XCConfigurationList;
			buildConfigurations = (
				9C75CCFA25734F350084CC35 /* Debug */,
				9C75CCFB25734F350084CC35 /* Release */,
			);
			defaultConfigurationIsVisible = 0;
			defaultConfigurationName = Release;
		};
		9C75CCFC25734F350084CC35 /* Build configuration list for PBXNativeTarget "SiteInspectionBuddyTests" */ = {
			isa = XCConfigurationList;
			buildConfigurations = (
				9C75CCFD25734F350084CC35 /* Debug */,
				9C75CCFE25734F350084CC35 /* Release */,
			);
			defaultConfigurationIsVisible = 0;
			defaultConfigurationName = Release;
		};
		9C75CCFF25734F350084CC35 /* Build configuration list for PBXNativeTarget "SiteInspectionBuddyUITests" */ = {
			isa = XCConfigurationList;
			buildConfigurations = (
				9C75CD0025734F350084CC35 /* Debug */,
				9C75CD0125734F350084CC35 /* Release */,
			);
			defaultConfigurationIsVisible = 0;
			defaultConfigurationName = Release;
		};
/* End XCConfigurationList section */

/* Begin XCVersionGroup section */
		9C75CCD525734F330084CC35 /* SiteInspectionBuddy.xcdatamodeld */ = {
			isa = XCVersionGroup;
			children = (
				9C75CCD625734F330084CC35 /* SiteInspectionBuddy.xcdatamodel */,
			);
			currentVersion = 9C75CCD625734F330084CC35 /* SiteInspectionBuddy.xcdatamodel */;
			path = SiteInspectionBuddy.xcdatamodeld;
			sourceTree = "<group>";
			versionGroupType = wrapper.xcdatamodel;
		};
/* End XCVersionGroup section */
	};
	rootObject = 9C75CCC425734F330084CC35 /* Project object */;
}
